
Microsoft Visual Studio Solution File, Format Version 11.00
# Visual Studio 2010
Project("{2150E333-8FDC-42A3-9474-1A3956D46DE8}") = "00.Crosscutting", "00.Crosscutting", "{60A9F57B-18AA-41A2-AD6E-EB376C0C83AB}"
EndProject
Project("{2150E333-8FDC-42A3-9474-1A3956D46DE8}") = "Common", "Common", "{B8F050A9-3138-4CE8-84DB-53B384473E5B}"
	ProjectSection(SolutionItems) = preProject
		Common\Dictionary.xml = Common\Dictionary.xml
		Common\GlobalAssemblyInfo.cs = Common\GlobalAssemblyInfo.cs
		Common\GlobalVersionInfo.cs = Common\GlobalVersionInfo.cs
	EndProjectSection
EndProject
Project("{2150E333-8FDC-42A3-9474-1A3956D46DE8}") = "01.Persistence", "01.Persistence", "{BE5C8642-D4DD-4D0B-AF84-7B827CA23644}"
EndProject
Project("{2150E333-8FDC-42A3-9474-1A3956D46DE8}") = "02.Business", "02.Business", "{64AC1DDA-7DBA-4FDE-AEE9-EB331D3C8C11}"
EndProject
Project("{2150E333-8FDC-42A3-9474-1A3956D46DE8}") = "03.Communication", "03.Communication", "{3FE17825-3817-458E-B7BB-7F046F4EBC21}"
EndProject
Project("{2150E333-8FDC-42A3-9474-1A3956D46DE8}") = "04.Presentation", "04.Presentation", "{8F50DCC7-6651-4166-8C5B-4460511CB9A5}"
EndProject
Project("{2150E333-8FDC-42A3-9474-1A3956D46DE8}") = "05.Testing", "05.Testing", "{11A65C41-E1A5-411A-9A49-D27F04C2FBF5}"
EndProject
Project("{FAE04EC0-301F-11D3-BF4B-00C04F79EFBC}") = "Amss.Boilerplate.Initialization", "Amss.Boilerplate.Initialization\Amss.Boilerplate.Initialization.csproj", "{24E18145-C312-4628-99B6-5703CB223297}"
EndProject
Project("{FAE04EC0-301F-11D3-BF4B-00C04F79EFBC}") = "Amss.Boilerplate.Common", "Amss.Boilerplate.Common\Amss.Boilerplate.Common.csproj", "{148EB4D4-4DF2-4452-BE6E-34DC77351E53}"
EndProject
Project("{FAE04EC0-301F-11D3-BF4B-00C04F79EFBC}") = "Amss.Boilerplate.Persistence", "Amss.Boilerplate.Persistence\Amss.Boilerplate.Persistence.csproj", "{5AB0AE05-BBCB-4337-8390-3A06E4776932}"
EndProject
Project("{FAE04EC0-301F-11D3-BF4B-00C04F79EFBC}") = "Amss.Boilerplate.Data", "Amss.Boilerplate.Data\Amss.Boilerplate.Data.csproj", "{9167FA6C-34C0-4D74-8184-4D52D29CDADB}"
EndProject
Project("{FAE04EC0-301F-11D3-BF4B-00C04F79EFBC}") = "Amss.Boilerplate.Business", "Amss.Boilerplate.Business\Amss.Boilerplate.Business.csproj", "{280B33CA-07E1-40AA-A159-2080DD3529ED}"
EndProject
Project("{FAE04EC0-301F-11D3-BF4B-00C04F79EFBC}") = "Amss.Boilerplate.Tests", "Amss.Boilerplate.Tests\Amss.Boilerplate.Tests.csproj", "{E2BABAE1-10D9-467D-B656-C4380D2BBF82}"
EndProject
Project("{FAE04EC0-301F-11D3-BF4B-00C04F79EFBC}") = "Amss.Boilerplate.Web", "Amss.Boilerplate.Web\Amss.Boilerplate.Web.csproj", "{6E5C092C-B010-4F67-AC7B-96A1A54DDBB9}"
EndProject
Project("{FAE04EC0-301F-11D3-BF4B-00C04F79EFBC}") = "Amss.Boilerplate.Api", "Amss.Boilerplate.Api\Amss.Boilerplate.Api.csproj", "{8CAE0F33-F48D-4F73-B1FC-293AC6A39634}"
EndProject
Project("{FAE04EC0-301F-11D3-BF4B-00C04F79EFBC}") = "Amss.Boilerplate.Migrations", "Amss.Boilerplate.Migrations\Amss.Boilerplate.Migrations.csproj", "{03385C97-87FC-4302-8DD7-DA373422955B}"
EndProject
Global
	GlobalSection(SolutionConfigurationPlatforms) = preSolution
		Debug|Any CPU = Debug|Any CPU
		Debug|Mixed Platforms = Debug|Mixed Platforms
		Debug|x86 = Debug|x86
		Release|Any CPU = Release|Any CPU
		Release|Mixed Platforms = Release|Mixed Platforms
		Release|x86 = Release|x86
	EndGlobalSection
	GlobalSection(ProjectConfigurationPlatforms) = postSolution
		{24E18145-C312-4628-99B6-5703CB223297}.Debug|Any CPU.ActiveCfg = Debug|Any CPU
		{24E18145-C312-4628-99B6-5703CB223297}.Debug|Any CPU.Build.0 = Debug|Any CPU
		{24E18145-C312-4628-99B6-5703CB223297}.Debug|Mixed Platforms.ActiveCfg = Debug|Any CPU
		{24E18145-C312-4628-99B6-5703CB223297}.Debug|Mixed Platforms.Build.0 = Debug|Any CPU
		{24E18145-C312-4628-99B6-5703CB223297}.Debug|x86.ActiveCfg = Debug|Any CPU
		{24E18145-C312-4628-99B6-5703CB223297}.Release|Any CPU.ActiveCfg = Release|Any CPU
		{24E18145-C312-4628-99B6-5703CB223297}.Release|Any CPU.Build.0 = Release|Any CPU
		{24E18145-C312-4628-99B6-5703CB223297}.Release|Mixed Platforms.ActiveCfg = Release|Any CPU
		{24E18145-C312-4628-99B6-5703CB223297}.Release|Mixed Platforms.Build.0 = Release|Any CPU
		{24E18145-C312-4628-99B6-5703CB223297}.Release|x86.ActiveCfg = Release|Any CPU
		{148EB4D4-4DF2-4452-BE6E-34DC77351E53}.Debug|Any CPU.ActiveCfg = Debug|Any CPU
		{148EB4D4-4DF2-4452-BE6E-34DC77351E53}.Debug|Any CPU.Build.0 = Debug|Any CPU
		{148EB4D4-4DF2-4452-BE6E-34DC77351E53}.Debug|Mixed Platforms.ActiveCfg = Debug|Any CPU
		{148EB4D4-4DF2-4452-BE6E-34DC77351E53}.Debug|Mixed Platforms.Build.0 = Debug|Any CPU
		{148EB4D4-4DF2-4452-BE6E-34DC77351E53}.Debug|x86.ActiveCfg = Debug|Any CPU
		{148EB4D4-4DF2-4452-BE6E-34DC77351E53}.Release|Any CPU.ActiveCfg = Release|Any CPU
		{148EB4D4-4DF2-4452-BE6E-34DC77351E53}.Release|Any CPU.Build.0 = Release|Any CPU
		{148EB4D4-4DF2-4452-BE6E-34DC77351E53}.Release|Mixed Platforms.ActiveCfg = Release|Any CPU
		{148EB4D4-4DF2-4452-BE6E-34DC77351E53}.Release|Mixed Platforms.Build.0 = Release|Any CPU
		{148EB4D4-4DF2-4452-BE6E-34DC77351E53}.Release|x86.ActiveCfg = Release|Any CPU
		{5AB0AE05-BBCB-4337-8390-3A06E4776932}.Debug|Any CPU.ActiveCfg = Debug|Any CPU
		{5AB0AE05-BBCB-4337-8390-3A06E4776932}.Debug|Any CPU.Build.0 = Debug|Any CPU
		{5AB0AE05-BBCB-4337-8390-3A06E4776932}.Debug|Mixed Platforms.ActiveCfg = Debug|Any CPU
		{5AB0AE05-BBCB-4337-8390-3A06E4776932}.Debug|Mixed Platforms.Build.0 = Debug|Any CPU
		{5AB0AE05-BBCB-4337-8390-3A06E4776932}.Debug|x86.ActiveCfg = Debug|Any CPU
		{5AB0AE05-BBCB-4337-8390-3A06E4776932}.Release|Any CPU.ActiveCfg = Release|Any CPU
		{5AB0AE05-BBCB-4337-8390-3A06E4776932}.Release|Any CPU.Build.0 = Release|Any CPU
		{5AB0AE05-BBCB-4337-8390-3A06E4776932}.Release|Mixed Platforms.ActiveCfg = Release|Any CPU
		{5AB0AE05-BBCB-4337-8390-3A06E4776932}.Release|Mixed Platforms.Build.0 = Release|Any CPU
		{5AB0AE05-BBCB-4337-8390-3A06E4776932}.Release|x86.ActiveCfg = Release|Any CPU
		{9167FA6C-34C0-4D74-8184-4D52D29CDADB}.Debug|Any CPU.ActiveCfg = Debug|Any CPU
		{9167FA6C-34C0-4D74-8184-4D52D29CDADB}.Debug|Any CPU.Build.0 = Debug|Any CPU
		{9167FA6C-34C0-4D74-8184-4D52D29CDADB}.Debug|Mixed Platforms.ActiveCfg = Debug|Any CPU
		{9167FA6C-34C0-4D74-8184-4D52D29CDADB}.Debug|Mixed Platforms.Build.0 = Debug|Any CPU
		{9167FA6C-34C0-4D74-8184-4D52D29CDADB}.Debug|x86.ActiveCfg = Debug|Any CPU
		{9167FA6C-34C0-4D74-8184-4D52D29CDADB}.Release|Any CPU.ActiveCfg = Release|Any CPU
		{9167FA6C-34C0-4D74-8184-4D52D29CDADB}.Release|Any CPU.Build.0 = Release|Any CPU
		{9167FA6C-34C0-4D74-8184-4D52D29CDADB}.Release|Mixed Platforms.ActiveCfg = Release|Any CPU
		{9167FA6C-34C0-4D74-8184-4D52D29CDADB}.Release|Mixed Platforms.Build.0 = Release|Any CPU
		{9167FA6C-34C0-4D74-8184-4D52D29CDADB}.Release|x86.ActiveCfg = Release|Any CPU
		{280B33CA-07E1-40AA-A159-2080DD3529ED}.Debug|Any CPU.ActiveCfg = Debug|Any CPU
		{280B33CA-07E1-40AA-A159-2080DD3529ED}.Debug|Any CPU.Build.0 = Debug|Any CPU
		{280B33CA-07E1-40AA-A159-2080DD3529ED}.Debug|Mixed Platforms.ActiveCfg = Debug|Any CPU
		{280B33CA-07E1-40AA-A159-2080DD3529ED}.Debug|Mixed Platforms.Build.0 = Debug|Any CPU
		{280B33CA-07E1-40AA-A159-2080DD3529ED}.Debug|x86.ActiveCfg = Debug|Any CPU
		{280B33CA-07E1-40AA-A159-2080DD3529ED}.Release|Any CPU.ActiveCfg = Release|Any CPU
		{280B33CA-07E1-40AA-A159-2080DD3529ED}.Release|Any CPU.Build.0 = Release|Any CPU
		{280B33CA-07E1-40AA-A159-2080DD3529ED}.Release|Mixed Platforms.ActiveCfg = Release|Any CPU
		{280B33CA-07E1-40AA-A159-2080DD3529ED}.Release|Mixed Platforms.Build.0 = Release|Any CPU
		{280B33CA-07E1-40AA-A159-2080DD3529ED}.Release|x86.ActiveCfg = Release|Any CPU
		{E2BABAE1-10D9-467D-B656-C4380D2BBF82}.Debug|Any CPU.ActiveCfg = Debug|Any CPU
		{E2BABAE1-10D9-467D-B656-C4380D2BBF82}.Debug|Any CPU.Build.0 = Debug|Any CPU
		{E2BABAE1-10D9-467D-B656-C4380D2BBF82}.Debug|Mixed Platforms.ActiveCfg = Debug|Any CPU
		{E2BABAE1-10D9-467D-B656-C4380D2BBF82}.Debug|Mixed Platforms.Build.0 = Debug|Any CPU
		{E2BABAE1-10D9-467D-B656-C4380D2BBF82}.Debug|x86.ActiveCfg = Debug|Any CPU
		{E2BABAE1-10D9-467D-B656-C4380D2BBF82}.Release|Any CPU.ActiveCfg = Release|Any CPU
		{E2BABAE1-10D9-467D-B656-C4380D2BBF82}.Release|Any CPU.Build.0 = Release|Any CPU
		{E2BABAE1-10D9-467D-B656-C4380D2BBF82}.Release|Mixed Platforms.ActiveCfg = Release|Any CPU
		{E2BABAE1-10D9-467D-B656-C4380D2BBF82}.Release|Mixed Platforms.Build.0 = Release|Any CPU
		{E2BABAE1-10D9-467D-B656-C4380D2BBF82}.Release|x86.ActiveCfg = Release|Any CPU
		{6E5C092C-B010-4F67-AC7B-96A1A54DDBB9}.Debug|Any CPU.ActiveCfg = Debug|Any CPU
		{6E5C092C-B010-4F67-AC7B-96A1A54DDBB9}.Debug|Any CPU.Build.0 = Debug|Any CPU
		{6E5C092C-B010-4F67-AC7B-96A1A54DDBB9}.Debug|Mixed Platforms.ActiveCfg = Debug|Any CPU
		{6E5C092C-B010-4F67-AC7B-96A1A54DDBB9}.Debug|Mixed Platforms.Build.0 = Debug|Any CPU
		{6E5C092C-B010-4F67-AC7B-96A1A54DDBB9}.Debug|x86.ActiveCfg = Debug|Any CPU
		{6E5C092C-B010-4F67-AC7B-96A1A54DDBB9}.Release|Any CPU.ActiveCfg = Release|Any CPU
		{6E5C092C-B010-4F67-AC7B-96A1A54DDBB9}.Release|Any CPU.Build.0 = Release|Any CPU
		{6E5C092C-B010-4F67-AC7B-96A1A54DDBB9}.Release|Mixed Platforms.ActiveCfg = Release|Any CPU
		{6E5C092C-B010-4F67-AC7B-96A1A54DDBB9}.Release|Mixed Platforms.Build.0 = Release|Any CPU
		{6E5C092C-B010-4F67-AC7B-96A1A54DDBB9}.Release|x86.ActiveCfg = Release|Any CPU
		{8CAE0F33-F48D-4F73-B1FC-293AC6A39634}.Debug|Any CPU.ActiveCfg = Debug|Any CPU
		{8CAE0F33-F48D-4F73-B1FC-293AC6A39634}.Debug|Any CPU.Build.0 = Debug|Any CPU
		{8CAE0F33-F48D-4F73-B1FC-293AC6A39634}.Debug|Mixed Platforms.ActiveCfg = Debug|Any CPU
		{8CAE0F33-F48D-4F73-B1FC-293AC6A39634}.Debug|Mixed Platforms.Build.0 = Debug|Any CPU
		{8CAE0F33-F48D-4F73-B1FC-293AC6A39634}.Debug|x86.ActiveCfg = Debug|Any CPU
		{8CAE0F33-F48D-4F73-B1FC-293AC6A39634}.Release|Any CPU.ActiveCfg = Release|Any CPU
		{8CAE0F33-F48D-4F73-B1FC-293AC6A39634}.Release|Any CPU.Build.0 = Release|Any CPU
		{8CAE0F33-F48D-4F73-B1FC-293AC6A39634}.Release|Mixed Platforms.ActiveCfg = Release|Any CPU
		{8CAE0F33-F48D-4F73-B1FC-293AC6A39634}.Release|Mixed Platforms.Build.0 = Release|Any CPU
		{8CAE0F33-F48D-4F73-B1FC-293AC6A39634}.Release|x86.ActiveCfg = Release|Any CPU
		{03385C97-87FC-4302-8DD7-DA373422955B}.Debug|Any CPU.ActiveCfg = Debug|Any CPU
		{03385C97-87FC-4302-8DD7-DA373422955B}.Debug|Mixed Platforms.ActiveCfg = Debug|Any CPU
		{03385C97-87FC-4302-8DD7-DA373422955B}.Debug|Mixed Platforms.Build.0 = Debug|Any CPU
		{03385C97-87FC-4302-8DD7-DA373422955B}.Debug|x86.ActiveCfg = Debug|Any CPU
		{03385C97-87FC-4302-8DD7-DA373422955B}.Release|Any CPU.ActiveCfg = Release|Any CPU
		{03385C97-87FC-4302-8DD7-DA373422955B}.Release|Any CPU.Build.0 = Release|Any CPU
		{03385C97-87FC-4302-8DD7-DA373422955B}.Release|Mixed Platforms.ActiveCfg = Release|Any CPU
		{03385C97-87FC-4302-8DD7-DA373422955B}.Release|Mixed Platforms.Build.0 = Release|Any CPU
		{03385C97-87FC-4302-8DD7-DA373422955B}.Release|x86.ActiveCfg = Release|Any CPU
	EndGlobalSection
	GlobalSection(SolutionProperties) = preSolution
		HideSolutionNode = FALSE
	EndGlobalSection
	GlobalSection(NestedProjects) = preSolution
		{B8F050A9-3138-4CE8-84DB-53B384473E5B} = {60A9F57B-18AA-41A2-AD6E-EB376C0C83AB}
		{24E18145-C312-4628-99B6-5703CB223297} = {60A9F57B-18AA-41A2-AD6E-EB376C0C83AB}
		{148EB4D4-4DF2-4452-BE6E-34DC77351E53} = {60A9F57B-18AA-41A2-AD6E-EB376C0C83AB}
		{9167FA6C-34C0-4D74-8184-4D52D29CDADB} = {60A9F57B-18AA-41A2-AD6E-EB376C0C83AB}
		{5AB0AE05-BBCB-4337-8390-3A06E4776932} = {BE5C8642-D4DD-4D0B-AF84-7B827CA23644}
		{03385C97-87FC-4302-8DD7-DA373422955B} = {BE5C8642-D4DD-4D0B-AF84-7B827CA23644}
		{280B33CA-07E1-40AA-A159-2080DD3529ED} = {64AC1DDA-7DBA-4FDE-AEE9-EB331D3C8C11}
		{6E5C092C-B010-4F67-AC7B-96A1A54DDBB9} = {8F50DCC7-6651-4166-8C5B-4460511CB9A5}
		{8CAE0F33-F48D-4F73-B1FC-293AC6A39634} = {8F50DCC7-6651-4166-8C5B-4460511CB9A5}
		{E2BABAE1-10D9-467D-B656-C4380D2BBF82} = {11A65C41-E1A5-411A-9A49-D27F04C2FBF5}
	EndGlobalSection
	GlobalSection(ExtensibilityGlobals) = postSolution
		EnterpriseLibraryConfigurationToolBinariesPath = packages\Unity.2.1.505.0\lib\NET35;packages\Unity.Interception.2.1.505.0\lib\NET35;packages\EnterpriseLibrary.Common.5.0.505.0\lib\NET35
	EndGlobalSection
EndGlobal
